// !$*UTF8*$!
{
	archiveVersion = 1;
	classes = {
	};
	objectVersion = 56;
	objects = {

/* Begin PBXBuildFile section */
		B09ADB5F2B2F42580048FB86 /* AppDelegate.swift in Sources */ = {isa = PBXBuildFile; fileRef = B09ADB5E2B2F42580048FB86 /* AppDelegate.swift */; };
		B09ADB612B2F42580048FB86 /* SceneDelegate.swift in Sources */ = {isa = PBXBuildFile; fileRef = B09ADB602B2F42580048FB86 /* SceneDelegate.swift */; };
		B09ADB632B2F42580048FB86 /* ViewController.swift in Sources */ = {isa = PBXBuildFile; fileRef = B09ADB622B2F42580048FB86 /* ViewController.swift */; };
		B09ADB662B2F42580048FB86 /* Main.storyboard in Resources */ = {isa = PBXBuildFile; fileRef = B09ADB642B2F42580048FB86 /* Main.storyboard */; };
		B09ADB682B2F42590048FB86 /* Assets.xcassets in Resources */ = {isa = PBXBuildFile; fileRef = B09ADB672B2F42590048FB86 /* Assets.xcassets */; };
		B09ADB6B2B2F42590048FB86 /* LaunchScreen.storyboard in Resources */ = {isa = PBXBuildFile; fileRef = B09ADB692B2F42590048FB86 /* LaunchScreen.storyboard */; };
		B09ADB772B2F43850048FB86 /* FoodTruckKit in Frameworks */ = {isa = PBXBuildFile; productRef = B09ADB762B2F43850048FB86 /* FoodTruckKit */; };
		B0C56D6B2B2F622E00138877 /* DoughnutClass.swift in Sources */ = {isa = PBXBuildFile; fileRef = B0C56D6A2B2F622E00138877 /* DoughnutClass.swift */; };
		B0C56D6D2B2F6AEC00138877 /* GameClass.swift in Sources */ = {isa = PBXBuildFile; fileRef = B0C56D6C2B2F6AEC00138877 /* GameClass.swift */; };
/* End PBXBuildFile section */

/* Begin PBXFileReference section */
		B09ADB5B2B2F42580048FB86 /* DoughnutsEliminating.app */ = {isa = PBXFileReference; explicitFileType = wrapper.application; includeInIndex = 0; path = DoughnutsEliminating.app; sourceTree = BUILT_PRODUCTS_DIR; };
		B09ADB5E2B2F42580048FB86 /* AppDelegate.swift */ = {isa = PBXFileReference; lastKnownFileType = sourcecode.swift; path = AppDelegate.swift; sourceTree = "<group>"; };
		B09ADB602B2F42580048FB86 /* SceneDelegate.swift */ = {isa = PBXFileReference; lastKnownFileType = sourcecode.swift; path = SceneDelegate.swift; sourceTree = "<group>"; };
		B09ADB622B2F42580048FB86 /* ViewController.swift */ = {isa = PBXFileReference; lastKnownFileType = sourcecode.swift; path = ViewController.swift; sourceTree = "<group>"; };
		B09ADB652B2F42580048FB86 /* Base */ = {isa = PBXFileReference; lastKnownFileType = file.storyboard; name = Base; path = Base.lproj/Main.storyboard; sourceTree = "<group>"; };
		B09ADB672B2F42590048FB86 /* Assets.xcassets */ = {isa = PBXFileReference; lastKnownFileType = folder.assetcatalog; path = Assets.xcassets; sourceTree = "<group>"; };
		B09ADB6A2B2F42590048FB86 /* Base */ = {isa = PBXFileReference; lastKnownFileType = file.storyboard; name = Base; path = Base.lproj/LaunchScreen.storyboard; sourceTree = "<group>"; };
		B09ADB6C2B2F42590048FB86 /* Info.plist */ = {isa = PBXFileReference; lastKnownFileType = text.plist.xml; path = Info.plist; sourceTree = "<group>"; };
		B09ADB742B2F43770048FB86 /* FoodTruckKit */ = {isa = PBXFileReference; lastKnownFileType = wrapper; name = FoodTruckKit; path = ../../../Downloads/FoodTruckBuildingASwiftUIMultiplatformApp/FoodTruckKit; sourceTree = "<group>"; };
		B0C56D6A2B2F622E00138877 /* DoughnutClass.swift */ = {isa = PBXFileReference; lastKnownFileType = sourcecode.swift; path = DoughnutClass.swift; sourceTree = "<group>"; };
		B0C56D6C2B2F6AEC00138877 /* GameClass.swift */ = {isa = PBXFileReference; lastKnownFileType = sourcecode.swift; path = GameClass.swift; sourceTree = "<group>"; };
/* End PBXFileReference section */

/* Begin PBXFrameworksBuildPhase section */
		B09ADB582B2F42580048FB86 /* Frameworks */ = {
			isa = PBXFrameworksBuildPhase;
			buildActionMask = 2147483647;
			files = (
				B09ADB772B2F43850048FB86 /* FoodTruckKit in Frameworks */,
			);
			runOnlyForDeploymentPostprocessing = 0;
		};
/* End PBXFrameworksBuildPhase section */

/* Begin PBXGroup section */
		B09ADB522B2F42580048FB86 = {
			isa = PBXGroup;
			children = (
				B09ADB742B2F43770048FB86 /* FoodTruckKit */,
				B09ADB5D2B2F42580048FB86 /* DoughnutsEliminating */,
				B09ADB5C2B2F42580048FB86 /* Products */,
				B09ADB752B2F43850048FB86 /* Frameworks */,
			);
			sourceTree = "<group>";
		};
		B09ADB5C2B2F42580048FB86 /* Products */ = {
			isa = PBXGroup;
			children = (
				B09ADB5B2B2F42580048FB86 /* DoughnutsEliminating.app */,
			);
			name = Products;
			sourceTree = "<group>";
		};
		B09ADB5D2B2F42580048FB86 /* DoughnutsEliminating */ = {
			isa = PBXGroup;
			children = (
				B09ADB5E2B2F42580048FB86 /* AppDelegate.swift */,
				B09ADB602B2F42580048FB86 /* SceneDelegate.swift */,
				B09ADB622B2F42580048FB86 /* ViewController.swift */,
				B09ADB642B2F42580048FB86 /* Main.storyboard */,
				B09ADB672B2F42590048FB86 /* Assets.xcassets */,
				B0C56D6A2B2F622E00138877 /* DoughnutClass.swift */,
				B0C56D6C2B2F6AEC00138877 /* GameClass.swift */,
				B09ADB692B2F42590048FB86 /* LaunchScreen.storyboard */,
				B09ADB6C2B2F42590048FB86 /* Info.plist */,
			);
			path = DoughnutsEliminating;
			sourceTree = "<group>";
		};
		B09ADB752B2F43850048FB86 /* Frameworks */ = {
			isa = PBXGroup;
			children = (
			);
			name = Frameworks;
			sourceTree = "<group>";
		};
/* End PBXGroup section */

/* Begin PBXNativeTarget section */
		B09ADB5A2B2F42580048FB86 /* DoughnutsEliminating */ = {
			isa = PBXNativeTarget;
			buildConfigurationList = B09ADB6F2B2F42590048FB86 /* Build configuration list for PBXNativeTarget "DoughnutsEliminating" */;
			buildPhases = (
				B09ADB572B2F42580048FB86 /* Sources */,
				B09ADB582B2F42580048FB86 /* Frameworks */,
				B09ADB592B2F42580048FB86 /* Resources */,
			);
			buildRules = (
			);
			dependencies = (
			);
			name = DoughnutsEliminating;
			packageProductDependencies = (
				B09ADB762B2F43850048FB86 /* FoodTruckKit */,
			);
			productName = DoughnutsEliminating;
			productReference = B09ADB5B2B2F42580048FB86 /* DoughnutsEliminating.app */;
			productType = "com.apple.product-type.application";
		};
/* End PBXNativeTarget section */

/* Begin PBXProject section */
		B09ADB532B2F42580048FB86 /* Project object */ = {
			isa = PBXProject;
			attributes = {
				BuildIndependentTargetsInParallel = 1;
				LastSwiftUpdateCheck = 1510;
				LastUpgradeCheck = 1510;
				TargetAttributes = {
					B09ADB5A2B2F42580048FB86 = {
						CreatedOnToolsVersion = 15.1;
					};
				};
			};
			buildConfigurationList = B09ADB562B2F42580048FB86 /* Build configuration list for PBXProject "DoughnutsEliminating" */;
			compatibilityVersion = "Xcode 14.0";
			developmentRegion = en;
			hasScannedForEncodings = 0;
			knownRegions = (
				en,
				Base,
			);
			mainGroup = B09ADB522B2F42580048FB86;
			productRefGroup = B09ADB5C2B2F42580048FB86 /* Products */;
			projectDirPath = "";
			projectRoot = "";
			targets = (
				B09ADB5A2B2F42580048FB86 /* DoughnutsEliminating */,
			);
		};
/* End PBXProject section */

/* Begin PBXResourcesBuildPhase section */
		B09ADB592B2F42580048FB86 /* Resources */ = {
			isa = PBXResourcesBuildPhase;
			buildActionMask = 2147483647;
			files = (
				B09ADB6B2B2F42590048FB86 /* LaunchScreen.storyboard in Resources */,
				B09ADB682B2F42590048FB86 /* Assets.xcassets in Resources */,
				B09ADB662B2F42580048FB86 /* Main.storyboard in Resources */,
			);
			runOnlyForDeploymentPostprocessing = 0;
		};
/* End PBXResourcesBuildPhase section */

/* Begin PBXSourcesBuildPhase section */
		B09ADB572B2F42580048FB86 /* Sources */ = {
			isa = PBXSourcesBuildPhase;
			buildActionMask = 2147483647;
			files = (
				B09ADB632B2F42580048FB86 /* ViewController.swift in Sources */,
				B09ADB5F2B2F42580048FB86 /* AppDelegate.swift in Sources */,
				B0C56D6D2B2F6AEC00138877 /* GameClass.swift in Sources */,
				B0C56D6B2B2F622E00138877 /* DoughnutClass.swift in Sources */,
				B09ADB612B2F42580048FB86 /* SceneDelegate.swift in Sources */,
			);
			runOnlyForDeploymentPostprocessing = 0;
		};
/* End PBXSourcesBuildPhase section */

/* Begin PBXVariantGroup section */
		B09ADB642B2F42580048FB86 /* Main.storyboard */ = {
			isa = PBXVariantGroup;
			children = (
				B09ADB652B2F42580048FB86 /* Base */,
			);
			name = Main.storyboard;
			sourceTree = "<group>";
		};
		B09ADB692B2F42590048FB86 /* LaunchScreen.storyboard */ = {
			isa = PBXVariantGroup;
			children = (
				B09ADB6A2B2F42590048FB86 /* Base */,
			);
			name = LaunchScreen.storyboard;
			sourceTree = "<group>";
		};
/* End PBXVariantGroup section */

/* Begin XCBuildConfiguration section */
		B09ADB6D2B2F42590048FB86 /* Debug */ = {
			isa = XCBuildConfiguration;
			buildSettings = {
				ALWAYS_SEARCH_USER_PATHS = NO;
				ASSETCATALOG_COMPILER_GENERATE_SWIFT_ASSET_SYMBOL_EXTENSIONS = YES;
				CLANG_ANALYZER_NONNULL = YES;
				CLANG_ANALYZER_NUMBER_OBJECT_CONVERSION = YES_AGGRESSIVE;
				CLANG_CXX_LANGUAGE_STANDARD = "gnu++20";
				CLANG_ENABLE_MODULES = YES;
				CLANG_ENABLE_OBJC_ARC = YES;
				CLANG_ENABLE_OBJC_WEAK = YES;
				CLANG_WARN_BLOCK_CAPTURE_AUTORELEASING = YES;
				CLANG_WARN_BOOL_CONVERSION = YES;
				CLANG_WARN_COMMA = YES;
				CLANG_WARN_CONSTANT_CONVERSION = YES;
				CLANG_WARN_DEPRECATED_OBJC_IMPLEMENTATIONS = YES;
				CLANG_WARN_DIRECT_OBJC_ISA_USAGE = YES_ERROR;
				CLANG_WARN_DOCUMENTATION_COMMENTS = YES;
				CLANG_WARN_EMPTY_BODY = YES;
				CLANG_WARN_ENUM_CONVERSION = YES;
				CLANG_WARN_INFINITE_RECURSION = YES;
				CLANG_WARN_INT_CONVERSION = YES;
				CLANG_WARN_NON_LITERAL_NULL_CONVERSION = YES;
				CLANG_WARN_OBJC_IMPLICIT_RETAIN_SELF = YES;
				CLANG_WARN_OBJC_LITERAL_CONVERSION = YES;
				CLANG_WARN_OBJC_ROOT_CLASS = YES_ERROR;
				CLANG_WARN_QUOTED_INCLUDE_IN_FRAMEWORK_HEADER = YES;
				CLANG_WARN_RANGE_LOOP_ANALYSIS = YES;
				CLANG_WARN_STRICT_PROTOTYPES = YES;
				CLANG_WARN_SUSPICIOUS_MOVE = YES;
				CLANG_WARN_UNGUARDED_AVAILABILITY = YES_AGGRESSIVE;
				CLANG_WARN_UNREACHABLE_CODE = YES;
				CLANG_WARN__DUPLICATE_METHOD_MATCH = YES;
				COPY_PHASE_STRIP = NO;
				DEBUG_INFORMATION_FORMAT = dwarf;
				ENABLE_STRICT_OBJC_MSGSEND = YES;
				ENABLE_TESTABILITY = YES;
				ENABLE_USER_SCRIPT_SANDBOXING = YES;
				GCC_C_LANGUAGE_STANDARD = gnu17;
				GCC_DYNAMIC_NO_PIC = NO;
				GCC_NO_COMMON_BLOCKS = YES;
				GCC_OPTIMIZATION_LEVEL = 0;
				GCC_PREPROCESSOR_DEFINITIONS = (
					"DEBUG=1",
					"$(inherited)",
				);
				GCC_WARN_64_TO_32_BIT_CONVERSION = YES;
				GCC_WARN_ABOUT_RETURN_TYPE = YES_ERROR;
				GCC_WARN_UNDECLARED_SELECTOR = YES;
				GCC_WARN_UNINITIALIZED_AUTOS = YES_AGGRESSIVE;
				GCC_WARN_UNUSED_FUNCTION = YES;
				GCC_WARN_UNUSED_VARIABLE = YES;
				IPHONEOS_DEPLOYMENT_TARGET = 17.2;
				LOCALIZATION_PREFERS_STRING_CATALOGS = YES;
				MTL_ENABLE_DEBUG_INFO = INCLUDE_SOURCE;
				MTL_FAST_MATH = YES;
				ONLY_ACTIVE_ARCH = YES;
				SDKROOT = iphoneos;
				SWIFT_ACTIVE_COMPILATION_CONDITIONS = "DEBUG $(inherited)";
				SWIFT_OPTIMIZATION_LEVEL = "-Onone";
			};
			name = Debug;
		};
		B09ADB6E2B2F42590048FB86 /* Release */ = {
			isa = XCBuildConfiguration;
			buildSettings = {
				ALWAYS_SEARCH_USER_PATHS = NO;
				ASSETCATALOG_COMPILER_GENERATE_SWIFT_ASSET_SYMBOL_EXTENSIONS = YES;
				CLANG_ANALYZER_NONNULL = YES;
				CLANG_ANALYZER_NUMBER_OBJECT_CONVERSION = YES_AGGRESSIVE;
				CLANG_CXX_LANGUAGE_STANDARD = "gnu++20";
				CLANG_ENABLE_MODULES = YES;
				CLANG_ENABLE_OBJC_ARC = YES;
				CLANG_ENABLE_OBJC_WEAK = YES;
				CLANG_WARN_BLOCK_CAPTURE_AUTORELEASING = YES;
				CLANG_WARN_BOOL_CONVERSION = YES;
				CLANG_WARN_COMMA = YES;
				CLANG_WARN_CONSTANT_CONVERSION = YES;
				CLANG_WARN_DEPRECATED_OBJC_IMPLEMENTATIONS = YES;
				CLANG_WARN_DIRECT_OBJC_ISA_USAGE = YES_ERROR;
				CLANG_WARN_DOCUMENTATION_COMMENTS = YES;
				CLANG_WARN_EMPTY_BODY = YES;
				CLANG_WARN_ENUM_CONVERSION = YES;
				CLANG_WARN_INFINITE_RECURSION = YES;
				CLANG_WARN_INT_CONVERSION = YES;
				CLANG_WARN_NON_LITERAL_NULL_CONVERSION = YES;
				CLANG_WARN_OBJC_IMPLICIT_RETAIN_SELF = YES;
				CLANG_WARN_OBJC_LITERAL_CONVERSION = YES;
				CLANG_WARN_OBJC_ROOT_CLASS = YES_ERROR;
				CLANG_WARN_QUOTED_INCLUDE_IN_FRAMEWORK_HEADER = YES;
				CLANG_WARN_RANGE_LOOP_ANALYSIS = YES;
				CLANG_WARN_STRICT_PROTOTYPES = YES;
				CLANG_WARN_SUSPICIOUS_MOVE = YES;
				CLANG_WARN_UNGUARDED_AVAILABILITY = YES_AGGRESSIVE;
				CLANG_WARN_UNREACHABLE_CODE = YES;
				CLANG_WARN__DUPLICATE_METHOD_MATCH = YES;
				COPY_PHASE_STRIP = NO;
				DEBUG_INFORMATION_FORMAT = "dwarf-with-dsym";
				ENABLE_NS_ASSERTIONS = NO;
				ENABLE_STRICT_OBJC_MSGSEND = YES;
				ENABLE_USER_SCRIPT_SANDBOXING = YES;
				GCC_C_LANGUAGE_STANDARD = gnu17;
				GCC_NO_COMMON_BLOCKS = YES;
				GCC_WARN_64_TO_32_BIT_CONVERSION = YES;
				GCC_WARN_ABOUT_RETURN_TYPE = YES_ERROR;
				GCC_WARN_UNDECLARED_SELECTOR = YES;
				GCC_WARN_UNINITIALIZED_AUTOS = YES_AGGRESSIVE;
				GCC_WARN_UNUSED_FUNCTION = YES;
				GCC_WARN_UNUSED_VARIABLE = YES;
				IPHONEOS_DEPLOYMENT_TARGET = 17.2;
				LOCALIZATION_PREFERS_STRING_CATALOGS = YES;
				MTL_ENABLE_DEBUG_INFO = NO;
				MTL_FAST_MATH = YES;
				SDKROOT = iphoneos;
				SWIFT_COMPILATION_MODE = wholemodule;
				VALIDATE_PRODUCT = YES;
			};
			name = Release;
		};
		B09ADB702B2F42590048FB86 /* Debug */ = {
			isa = XCBuildConfiguration;
			buildSettings = {
				ASSETCATALOG_COMPILER_APPICON_NAME = AppIcon;
				ASSETCATALOG_COMPILER_GLOBAL_ACCENT_COLOR_NAME = AccentColor;
				CODE_SIGN_STYLE = Automatic;
				CURRENT_PROJECT_VERSION = 1;
				DEVELOPMENT_TEAM = GEXKH4HCBL;
				GENERATE_INFOPLIST_FILE = YES;
				INFOPLIST_FILE = DoughnutsEliminating/Info.plist;
				INFOPLIST_KEY_UIApplicationSupportsIndirectInputEvents = YES;
				INFOPLIST_KEY_UILaunchStoryboardName = LaunchScreen;
				INFOPLIST_KEY_UIMainStoryboardFile = Main;
				INFOPLIST_KEY_UISupportedInterfaceOrientations_iPad = "UIInterfaceOrientationPortrait UIInterfaceOrientationPortraitUpsideDown UIInterfaceOrientationLandscapeLeft UIInterfaceOrientationLandscapeRight";
				INFOPLIST_KEY_UISupportedInterfaceOrientations_iPhone = "UIInterfaceOrientationPortrait UIInterfaceOrientationLandscapeLeft UIInterfaceOrientationLandscapeRight";
				LD_RUNPATH_SEARCH_PATHS = (
					"$(inherited)",
					"@executable_path/Frameworks",
				);
				MARKETING_VERSION = 1.0;
				PRODUCT_BUNDLE_IDENTIFIER = Fung.DoughnutsEliminating;
				PRODUCT_NAME = "$(TARGET_NAME)";
				SWIFT_EMIT_LOC_STRINGS = YES;
				SWIFT_VERSION = 5.0;
				TARGETED_DEVICE_FAMILY = "1,2";
			};
			name = Debug;
		};
		B09ADB712B2F42590048FB86 /* Release */ = {
			isa = XCBuildConfiguration;
			buildSettings = {
				ASSETCATALOG_COMPILER_APPICON_NAME = AppIcon;
				ASSETCATALOG_COMPILER_GLOBAL_ACCENT_COLOR_NAME = AccentColor;
				CODE_SIGN_STYLE = Automatic;
				CURRENT_PROJECT_VERSION = 1;
				DEVELOPMENT_TEAM = GEXKH4HCBL;
				GENERATE_INFOPLIST_FILE = YES;
				INFOPLIST_FILE = DoughnutsEliminating/Info.plist;
				INFOPLIST_KEY_UIApplicationSupportsIndirectInputEvents = YES;
				INFOPLIST_KEY_UILaunchStoryboardName = LaunchScreen;
				INFOPLIST_KEY_UIMainStoryboardFile = Main;
				INFOPLIST_KEY_UISupportedInterfaceOrientations_iPad = "UIInterfaceOrientationPortrait UIInterfaceOrientationPortraitUpsideDown UIInterfaceOrientationLandscapeLeft UIInterfaceOrientationLandscapeRight";
				INFOPLIST_KEY_UISupportedInterfaceOrientations_iPhone = "UIInterfaceOrientationPortrait UIInterfaceOrientationLandscapeLeft UIInterfaceOrientationLandscapeRight";
				LD_RUNPATH_SEARCH_PATHS = (
					"$(inherited)",
					"@executable_path/Frameworks",
				);
				MARKETING_VERSION = 1.0;
				PRODUCT_BUNDLE_IDENTIFIER = Fung.DoughnutsEliminating;
				PRODUCT_NAME = "$(TARGET_NAME)";
				SWIFT_EMIT_LOC_STRINGS = YES;
				SWIFT_VERSION = 5.0;
				TARGETED_DEVICE_FAMILY = "1,2";
			};
			name = Release;
		};
/* End XCBuildConfiguration section */

/* Begin XCConfigurationList section */
		B09ADB562B2F42580048FB86 /* Build configuration list for PBXProject "DoughnutsEliminating" */ = {
			isa = XCConfigurationList;
			buildConfigurations = (
				B09ADB6D2B2F42590048FB86 /* Debug */,
				B09ADB6E2B2F42590048FB86 /* Release */,
			);
			defaultConfigurationIsVisible = 0;
			defaultConfigurationName = Release;
		};
		B09ADB6F2B2F42590048FB86 /* Build configuration list for PBXNativeTarget "DoughnutsEliminating" */ = {
			isa = XCConfigurationList;
			buildConfigurations = (
				B09ADB702B2F42590048FB86 /* Debug */,
				B09ADB712B2F42590048FB86 /* Release */,
			);
			defaultConfigurationIsVisible = 0;
			defaultConfigurationName = Release;
		};
/* End XCConfigurationList section */

/* Begin XCSwiftPackageProductDependency section */
		B09ADB762B2F43850048FB86 /* FoodTruckKit */ = {
			isa = XCSwiftPackageProductDependency;
			productName = FoodTruckKit;
		};
/* End XCSwiftPackageProductDependency section */
	};
	rootObject = B09ADB532B2F42580048FB86 /* Project object */;
}
